
Microsoft Visual Studio Solution File, Format Version 9.00
# Visual C++ Express 2005
Project("{8BC9CEB8-8B4A-11D0-8D11-00A0C91BC942}") = "expatw_static", "expatw_static.vcproj", "{BB7A4ADC-0E49-4F6C-A29C-8DA4154ED756}"
EndProject
Global
	GlobalSection(SolutionConfigurationPlatforms) = preSolution
		Debug|Win32 = Debug|Win32
		Release|Win32 = Release|Win32
	EndGlobalSection
	GlobalSection(ProjectConfigurationPlatforms) = postSolution
		{BB7A4ADC-0E49-4F6C-A29C-8DA4154ED756}.Debug|Win32.ActiveCfg = Debug|Win32
		{BB7A4ADC-0E49-4F6C-A29C-8DA4154ED756}.Debug|Win32.Build.0 = Debug|Win32
		{BB7A4ADC-0E49-4F6C-A29C-8DA4154ED756}.Release|Win32.ActiveCfg = Release|Win32
		{BB7A4ADC-0E49-4F6C-A29C-8DA4154ED756}.Release|Win32.Build.0 = Release|Win32
	EndGlobalSection
	GlobalSection(SolutionProperties) = preSolution
		HideSolutionNode = FALSE
	EndGlobalSection
EndGlobal
